
Microsoft Visual Studio Solution File, Format Version 12.00
# Visual Studio Version 17
VisualStudioVersion = 17.3.32922.545
MinimumVisualStudioVersion = 10.0.40219.1
Project("{9A19103F-16F7-4668-BE54-9A1E7A4F7556}") = "CalendarWebApi", "CalendarWebApi\CalendarWebApi.csproj", "{6A3A9782-964C-497A-8B38-361E3BA2FB6C}"
EndProject
Project("{9A19103F-16F7-4668-BE54-9A1E7A4F7556}") = "CalendarWebApi.Tests", "CalendarWebApi.Tests\CalendarWebApi.Tests.csproj", "{C98681C7-6E6A-4721-82CF-57D3F7B46DD6}"
EndProject
Global
	GlobalSection(SolutionConfigurationPlatforms) = preSolution
		Debug|Any CPU = Debug|Any CPU
		Release|Any CPU = Release|Any CPU
	EndGlobalSection
	GlobalSection(ProjectConfigurationPlatforms) = postSolution
		{6A3A9782-964C-497A-8B38-361E3BA2FB6C}.Debug|Any CPU.ActiveCfg = Debug|Any CPU
		{6A3A9782-964C-497A-8B38-361E3BA2FB6C}.Debug|Any CPU.Build.0 = Debug|Any CPU
		{6A3A9782-964C-497A-8B38-361E3BA2FB6C}.Release|Any CPU.ActiveCfg = Release|Any CPU
		{6A3A9782-964C-497A-8B38-361E3BA2FB6C}.Release|Any CPU.Build.0 = Release|Any CPU
		{C98681C7-6E6A-4721-82CF-57D3F7B46DD6}.Debug|Any CPU.ActiveCfg = Debug|Any CPU
		{C98681C7-6E6A-4721-82CF-57D3F7B46DD6}.Debug|Any CPU.Build.0 = Debug|Any CPU
		{C98681C7-6E6A-4721-82CF-57D3F7B46DD6}.Release|Any CPU.ActiveCfg = Release|Any CPU
		{C98681C7-6E6A-4721-82CF-57D3F7B46DD6}.Release|Any CPU.Build.0 = Release|Any CPU
	EndGlobalSection
	GlobalSection(SolutionProperties) = preSolution
		HideSolutionNode = FALSE
	EndGlobalSection
	GlobalSection(ExtensibilityGlobals) = postSolution
		SolutionGuid = {6A4BF42B-0B94-43A6-9A3B-81E230AA90A0}
	EndGlobalSection
EndGlobal
